<?xml version="1.0" encoding="utf-8"?>
<Project ToolsVersion="4.0" xmlns="http://schemas.microsoft.com/developer/msbuild/2003">
  <ItemGroup>
    <Filter Include="headers">
      <UniqueIdentifier>{3b03e54d-450c-4c77-ab61-2d38007fb0f6}</UniqueIdentifier>
      <Extensions>h;hpp;hxx;hm;inl</Extensions>
    </Filter>
    <Filter Include="headers\eneth">
      <UniqueIdentifier>{216f5358-ddb8-4a2f-9720-7575ac78d780}</UniqueIdentifier>
    </Filter>
    <Filter Include="docs">
      <UniqueIdentifier>{228cc513-45e5-4682-860a-b3bbb4cc0d36}</UniqueIdentifier>
      <Extensions>ico;cur;bmp;dlg;rc2;rct;bin;rgs;gif;jpg;jpeg;jpe</Extensions>
    </Filter>
    <Filter Include="render">
      <UniqueIdentifier>{3681d9a4-7741-4827-a14b-8e7c7a8b4f88}</UniqueIdentifier>
    </Filter>
    <Filter Include="cs">
      <UniqueIdentifier>{e8a82d2c-d003-461c-a50f-8b23a001dd82}</UniqueIdentifier>
    </Filter>
    <Filter Include="cs\enet">
      <UniqueIdentifier>{f8659c9a-3f1b-4fad-b5ab-be0632cd5631}</UniqueIdentifier>
    </Filter>
    <Filter Include="world">
      <UniqueIdentifier>{55117475-4eb0-4471-873c-ff6a542846a5}</UniqueIdentifier>
    </Filter>
    <Filter Include="game">
      <UniqueIdentifier>{ecc71b06-00a9-4256-9cd0-3a86415c6377}</UniqueIdentifier>
    </Filter>
    <Filter Include="support">
      <UniqueIdentifier>{f8f676d4-c52b-4bd9-80bb-e36b0a93b676}</UniqueIdentifier>
    </Filter>
    <Filter Include="cfg">
      <UniqueIdentifier>{12a5d448-9d06-4018-ac95-8bc60eb96d1e}</UniqueIdentifier>
    </Filter>
    <Filter Include="LLIO">
      <UniqueIdentifier>{a00bf89c-44bb-443e-8d9a-69e4e2cd56b9}</UniqueIdentifier>
    </Filter>
  </ItemGroup>
  <ItemGroup>
    <ClInclude Include="..\src\cube.h">
      <Filter>headers</Filter>
    </ClInclude>
    <ClInclude Include="..\src\protos.h">
      <Filter>headers</Filter>
    </ClInclude>
    <ClInclude Include="..\src\tools.h">
      <Filter>headers</Filter>
    </ClInclude>
    <ClInclude Include="..\src\Wwise_IDs.h">
      <Filter>headers</Filter>
    </ClInclude>
    <ClInclude Include="..\enet\include\enet\enet.h">
      <Filter>headers\eneth</Filter>
    </ClInclude>
    <ClInclude Include="..\enet\include\enet\list.h">
      <Filter>headers\eneth</Filter>
    </ClInclude>
    <ClInclude Include="..\enet\include\enet\memory.h">
      <Filter>headers\eneth</Filter>
    </ClInclude>
    <ClInclude Include="..\enet\include\enet\protocol.h">
      <Filter>headers\eneth</Filter>
    </ClInclude>
    <ClInclude Include="..\enet\include\enet\time.h">
      <Filter>headers\eneth</Filter>
    </ClInclude>
    <ClInclude Include="..\enet\include\enet\types.h">
      <Filter>headers\eneth</Filter>
    </ClInclude>
    <ClInclude Include="..\enet\include\enet\unix.h">
      <Filter>headers\eneth</Filter>
    </ClInclude>
    <ClInclude Include="..\enet\include\enet\utility.h">
      <Filter>headers\eneth</Filter>
    </ClInclude>
    <ClInclude Include="..\enet\include\enet\win32.h">
      <Filter>headers\eneth</Filter>
    </ClInclude>
    <ClInclude Include="..\src\rendercubes.h">
      <Filter>render</Filter>
    </ClInclude>
    <ClInclude Include="..\src\renderextras.h">
      <Filter>render</Filter>
    </ClInclude>
    <ClInclude Include="..\src\rendergl.h">
      <Filter>render</Filter>
    </ClInclude>
    <ClInclude Include="..\src\renderparticles.h">
      <Filter>render</Filter>
    </ClInclude>
    <ClInclude Include="..\src\rendertext.h">
      <Filter>render</Filter>
    </ClInclude>
  </ItemGroup>
  <ItemGroup>
    <None Include="..\cube\docs\config.html">
      <Filter>docs</Filter>
    </None>
    <None Include="..\cube\docs\editing.html">
      <Filter>docs</Filter>
    </None>
    <None Include="..\cube\docs\editref.html">
      <Filter>docs</Filter>
    </None>
    <None Include="..\cube\docs\game.html">
      <Filter>docs</Filter>
    </None>
    <None Include="..\cube\docs\history.html">
      <Filter>docs</Filter>
    </None>
    <None Include="..\cube\readme.html">
      <Filter>docs</Filter>
    </None>
    <None Include="..\cube\data\default_map_settings.cfg">
      <Filter>cfg</Filter>
    </None>
    <None Include="..\cube\data\menus.cfg">
      <Filter>cfg</Filter>
    </None>
  </ItemGroup>
  <ItemGroup>
    <Text Include="..\readme.txt">
      <Filter>docs</Filter>
    </Text>
  </ItemGroup>
  <ItemGroup>
    <ClCompile Include="..\src\rendercubes.cpp">
      <Filter>render</Filter>
    </ClCompile>
    <ClCompile Include="..\src\renderextras.cpp">
      <Filter>render</Filter>
    </ClCompile>
    <ClCompile Include="..\src\rendergl.cpp">
      <Filter>render</Filter>
    </ClCompile>
    <ClCompile Include="..\src\rendermd2.cpp">
      <Filter>render</Filter>
    </ClCompile>
    <ClCompile Include="..\src\renderparticles.cpp">
      <Filter>render</Filter>
    </ClCompile>
    <ClCompile Include="..\src\rendertext.cpp">
      <Filter>render</Filter>
    </ClCompile>
    <ClCompile Include="..\src\client.cpp">
      <Filter>cs</Filter>
    </ClCompile>
    <ClCompile Include="..\src\clientextras.cpp">
      <Filter>cs</Filter>
    </ClCompile>
    <ClCompile Include="..\src\clientgame.cpp">
      <Filter>cs</Filter>
    </ClCompile>
    <ClCompile Include="..\src\clients2c.cpp">
      <Filter>cs</Filter>
    </ClCompile>
    <ClCompile Include="..\src\server.cpp">
      <Filter>cs</Filter>
    </ClCompile>
    <ClCompile Include="..\src\serverbrowser.cpp">
      <Filter>cs</Filter>
    </ClCompile>
    <ClCompile Include="..\src\serverms.cpp">
      <Filter>cs</Filter>
    </ClCompile>
    <ClCompile Include="..\src\serverutil.cpp">
      <Filter>cs</Filter>
    </ClCompile>
    <ClCompile Include="..\enet\callbacks.c">
      <Filter>cs\enet</Filter>
    </ClCompile>
    <ClCompile Include="..\enet\host.c">
      <Filter>cs\enet</Filter>
    </ClCompile>
    <ClCompile Include="..\enet\list.c">
      <Filter>cs\enet</Filter>
    </ClCompile>
    <ClCompile Include="..\enet\memory.c">
      <Filter>cs\enet</Filter>
    </ClCompile>
    <ClCompile Include="..\enet\packet.c">
      <Filter>cs\enet</Filter>
    </ClCompile>
    <ClCompile Include="..\enet\peer.c">
      <Filter>cs\enet</Filter>
    </ClCompile>
    <ClCompile Include="..\enet\protocol.c">
      <Filter>cs\enet</Filter>
    </ClCompile>
    <ClCompile Include="..\enet\unix.c">
      <Filter>cs\enet</Filter>
    </ClCompile>
    <ClCompile Include="..\enet\win32.c">
      <Filter>cs\enet</Filter>
    </ClCompile>
    <ClCompile Include="..\src\editing.cpp">
      <Filter>world</Filter>
    </ClCompile>
    <ClCompile Include="..\src\rndmap.cpp">
      <Filter>world</Filter>
    </ClCompile>
    <ClCompile Include="..\src\world.cpp">
      <Filter>world</Filter>
    </ClCompile>
    <ClCompile Include="..\src\worldio.cpp">
      <Filter>world</Filter>
    </ClCompile>
    <ClCompile Include="..\src\worldlight.cpp">
      <Filter>world</Filter>
    </ClCompile>
    <ClCompile Include="..\src\worldocull.cpp">
      <Filter>world</Filter>
    </ClCompile>
    <ClCompile Include="..\src\worldrender.cpp">
      <Filter>world</Filter>
    </ClCompile>
    <ClCompile Include="..\src\entities.cpp">
      <Filter>game</Filter>
    </ClCompile>
    <ClCompile Include="..\src\monster.cpp">
      <Filter>game</Filter>
    </ClCompile>
    <ClCompile Include="..\src\physics.cpp">
      <Filter>game</Filter>
    </ClCompile>
    <ClCompile Include="..\src\savegamedemo.cpp">
      <Filter>game</Filter>
    </ClCompile>
    <ClCompile Include="..\src\weapon.cpp">
      <Filter>game</Filter>
    </ClCompile>
    <ClCompile Include="..\src\command.cpp">
      <Filter>support</Filter>
    </ClCompile>
    <ClCompile Include="..\src\console.cpp">
      <Filter>support</Filter>
    </ClCompile>
    <ClCompile Include="..\src\main.cpp">
      <Filter>support</Filter>
    </ClCompile>
    <ClCompile Include="..\src\menus.cpp">
      <Filter>support</Filter>
    </ClCompile>
    <ClCompile Include="..\src\pch.cpp">
      <Filter>support</Filter>
    </ClCompile>
    <ClCompile Include="..\src\sound.cpp">
      <Filter>support</Filter>
    </ClCompile>
    <ClCompile Include="..\src\tools.cpp">
      <Filter>support</Filter>
    </ClCompile>
    <ClCompile Include="$(WWISESDK)\samples\SoundEngine\Win32\AkDefaultIOHookBlocking.cpp">
      <Filter>LLIO</Filter>
    </ClCompile>
    <ClCompile Include="$(WWISESDK)\samples\SoundEngine\Common\AkMultipleFileLocation.cpp">
      <Filter>LLIO</Filter>
    </ClCompile>
  </ItemGroup>
</Project>